PODS:
  - NantesModifiedLabelkit (1.0.0)

DEPENDENCIES:
  - NantesModifiedLabelkit (from `../`)

EXTERNAL SOURCES:
  NantesModifiedLabelkit:
    :path: "../"

SPEC CHECKSUMS:
  NantesModifiedLabelkit: 475bd187ee962f37324aafb9f335ce3ca99346c7

PODFILE CHECKSUM: f851822dea74a437e83c6c3caf3829834e9735c6

COCOAPODS: 1.9.1
