PODS:
  - NantesModifiedLabelkit (0.0.1)

DEPENDENCIES:
  - NantesModifiedLabelkit (from `../`)

EXTERNAL SOURCES:
  NantesModifiedLabelkit:
    :path: "../"

SPEC CHECKSUMS:
  NantesModifiedLabelkit: abcde0efa643e009bff7f04666aa97fb471a8412

PODFILE CHECKSUM: f851822dea74a437e83c6c3caf3829834e9735c6

COCOAPODS: 1.9.1
